// !$*UTF8*$!
{
	archiveVersion = 1;
	classes = {
	};
	objectVersion = 46;
	objects = {

/* Begin PBXBuildFile section */
		750FA0051547C323005CB3FE /* PBASIAuthenticationDialog.h in Headers */ = {isa = PBXBuildFile; fileRef = 750FA0041547C322005CB3FE /* PBASIAuthenticationDialog.h */; };
		750FA0071547C4E4005CB3FE /* PBASIInputStream.h in Headers */ = {isa = PBXBuildFile; fileRef = 750FA0061547C4E3005CB3FE /* PBASIInputStream.h */; };
		750FA0091547C57E005CB3FE /* PBCDataScanner.h in Headers */ = {isa = PBXBuildFile; fileRef = 750FA0081547C57E005CB3FE /* PBCDataScanner.h */; };
		750FA00C1547C69F005CB3FE /* PBCJSONScanner.h in Headers */ = {isa = PBXBuildFile; fileRef = 750FA00A1547C69E005CB3FE /* PBCJSONScanner.h */; };
		750FA00D1547C69F005CB3FE /* PBCJSONScanner.m in Sources */ = {isa = PBXBuildFile; fileRef = 750FA00B1547C69F005CB3FE /* PBCJSONScanner.m */; };
		B93008B415400652008EAF1E /* Foundation.framework in Frameworks */ = {isa = PBXBuildFile; fileRef = B93008B315400652008EAF1E /* Foundation.framework */; };
		B93008BA15400652008EAF1E /* TomatoSDK.m in Sources */ = {isa = PBXBuildFile; fileRef = B93008B915400652008EAF1E /* TomatoSDK.m */; };
		B930098E15400794008EAF1E /* PBASIAuthenticationDialog.m in Sources */ = {isa = PBXBuildFile; fileRef = B930096315400794008EAF1E /* PBASIAuthenticationDialog.m */; };
		B930098F15400794008EAF1E /* PBASICacheDelegate.h in Headers */ = {isa = PBXBuildFile; fileRef = B930096415400794008EAF1E /* PBASICacheDelegate.h */; };
		B930099015400794008EAF1E /* PBASIDataCompressor.h in Headers */ = {isa = PBXBuildFile; fileRef = B930096515400794008EAF1E /* PBASIDataCompressor.h */; };
		B930099115400794008EAF1E /* PBASIDataCompressor.m in Sources */ = {isa = PBXBuildFile; fileRef = B930096615400794008EAF1E /* PBASIDataCompressor.m */; };
		B930099215400794008EAF1E /* PBASIDataDecompressor.h in Headers */ = {isa = PBXBuildFile; fileRef = B930096715400794008EAF1E /* PBASIDataDecompressor.h */; };
		B930099315400794008EAF1E /* PBASIDataDecompressor.m in Sources */ = {isa = PBXBuildFile; fileRef = B930096815400794008EAF1E /* PBASIDataDecompressor.m */; };
		B930099415400794008EAF1E /* PBASIDownloadCache.h in Headers */ = {isa = PBXBuildFile; fileRef = B930096915400794008EAF1E /* PBASIDownloadCache.h */; };
		B930099515400794008EAF1E /* PBASIDownloadCache.m in Sources */ = {isa = PBXBuildFile; fileRef = B930096A15400794008EAF1E /* PBASIDownloadCache.m */; };
		B930099615400794008EAF1E /* PBASIFormDataRequest.h in Headers */ = {isa = PBXBuildFile; fileRef = B930096B15400794008EAF1E /* PBASIFormDataRequest.h */; };
		B930099715400794008EAF1E /* PBASIFormDataRequest.m in Sources */ = {isa = PBXBuildFile; fileRef = B930096C15400794008EAF1E /* PBASIFormDataRequest.m */; };
		B930099815400794008EAF1E /* PBASIHTTPRequest.h in Headers */ = {isa = PBXBuildFile; fileRef = B930096D15400794008EAF1E /* PBASIHTTPRequest.h */; };
		B930099915400794008EAF1E /* PBASIHTTPRequest.m in Sources */ = {isa = PBXBuildFile; fileRef = B930096E15400794008EAF1E /* PBASIHTTPRequest.m */; };
		B930099A15400794008EAF1E /* PBASIHTTPRequestConfig.h in Headers */ = {isa = PBXBuildFile; fileRef = B930096F15400794008EAF1E /* PBASIHTTPRequestConfig.h */; };
		B930099B15400794008EAF1E /* PBASIHTTPRequestDelegate.h in Headers */ = {isa = PBXBuildFile; fileRef = B930097015400794008EAF1E /* PBASIHTTPRequestDelegate.h */; };
		B930099D15400794008EAF1E /* PBASIInputStream.m in Sources */ = {isa = PBXBuildFile; fileRef = B930097215400794008EAF1E /* PBASIInputStream.m */; };
		B930099E15400794008EAF1E /* PBASINetworkQueue.h in Headers */ = {isa = PBXBuildFile; fileRef = B930097315400794008EAF1E /* PBASINetworkQueue.h */; };
		B930099F15400794008EAF1E /* PBASINetworkQueue.m in Sources */ = {isa = PBXBuildFile; fileRef = B930097415400794008EAF1E /* PBASINetworkQueue.m */; };
		B93009A015400794008EAF1E /* PBASIProgressDelegate.h in Headers */ = {isa = PBXBuildFile; fileRef = B930097515400794008EAF1E /* PBASIProgressDelegate.h */; };
		B93009A115400794008EAF1E /* PBReachability.h in Headers */ = {isa = PBXBuildFile; fileRef = B930097715400794008EAF1E /* PBReachability.h */; };
		B93009A215400794008EAF1E /* PBReachability.m in Sources */ = {isa = PBXBuildFile; fileRef = B930097815400794008EAF1E /* PBReachability.m */; };
		B93009A415400794008EAF1E /* PBCDataScanner.m in Sources */ = {isa = PBXBuildFile; fileRef = B930097B15400794008EAF1E /* PBCDataScanner.m */; };
		B93009A515400794008EAF1E /* PBCDataScanner_Extensions.h in Headers */ = {isa = PBXBuildFile; fileRef = B930097D15400794008EAF1E /* PBCDataScanner_Extensions.h */; };
		B93009A615400794008EAF1E /* PBCDataScanner_Extensions.m in Sources */ = {isa = PBXBuildFile; fileRef = B930097E15400794008EAF1E /* PBCDataScanner_Extensions.m */; };
		B93009A715400794008EAF1E /* PBNSCharacterSet_Extensions.h in Headers */ = {isa = PBXBuildFile; fileRef = B930097F15400794008EAF1E /* PBNSCharacterSet_Extensions.h */; };
		B93009A815400794008EAF1E /* PBNSCharacterSet_Extensions.m in Sources */ = {isa = PBXBuildFile; fileRef = B930098015400794008EAF1E /* PBNSCharacterSet_Extensions.m */; };
		B93009A915400794008EAF1E /* PBNSDictionary_JSONExtensions.h in Headers */ = {isa = PBXBuildFile; fileRef = B930098115400794008EAF1E /* PBNSDictionary_JSONExtensions.h */; };
		B93009AA15400794008EAF1E /* PBNSDictionary_JSONExtensions.m in Sources */ = {isa = PBXBuildFile; fileRef = B930098215400794008EAF1E /* PBNSDictionary_JSONExtensions.m */; };
		B93009AB15400794008EAF1E /* PBNSScanner_Extensions.h in Headers */ = {isa = PBXBuildFile; fileRef = B930098315400794008EAF1E /* PBNSScanner_Extensions.h */; };
		B93009AC15400794008EAF1E /* PBNSScanner_Extensions.m in Sources */ = {isa = PBXBuildFile; fileRef = B930098415400794008EAF1E /* PBNSScanner_Extensions.m */; };
		B93009AD15400794008EAF1E /* PBCJSONDeserializer.h in Headers */ = {isa = PBXBuildFile; fileRef = B930098615400794008EAF1E /* PBCJSONDeserializer.h */; };
		B93009AE15400794008EAF1E /* PBCJSONDeserializer.m in Sources */ = {isa = PBXBuildFile; fileRef = B930098715400794008EAF1E /* PBCJSONDeserializer.m */; };
		B93009B115400794008EAF1E /* PBCJSONSerializer.h in Headers */ = {isa = PBXBuildFile; fileRef = B930098A15400794008EAF1E /* PBCJSONSerializer.h */; };
		B93009B215400794008EAF1E /* PBCJSONSerializer.m in Sources */ = {isa = PBXBuildFile; fileRef = B930098B15400794008EAF1E /* PBCJSONSerializer.m */; };
		B93009B315400794008EAF1E /* PBJSONRepresentation.h in Headers */ = {isa = PBXBuildFile; fileRef = B930098C15400794008EAF1E /* PBJSONRepresentation.h */; };
		B9300A57154136C6008EAF1E /* UIKit.framework in Frameworks */ = {isa = PBXBuildFile; fileRef = B9300A56154136C5008EAF1E /* UIKit.framework */; };
		B9300A5A154136CF008EAF1E /* CoreLocation.framework in Frameworks */ = {isa = PBXBuildFile; fileRef = B9300A59154136CF008EAF1E /* CoreLocation.framework */; };
		B9300A6E1541555D008EAF1E /* MediaPlayer.framework in Frameworks */ = {isa = PBXBuildFile; fileRef = B9300A6D1541555D008EAF1E /* MediaPlayer.framework */; };
/* End PBXBuildFile section */

/* Begin PBXFileReference section */
		750FA0041547C322005CB3FE /* PBASIAuthenticationDialog.h */ = {isa = PBXFileReference; fileEncoding = 4; lastKnownFileType = sourcecode.c.h; path = PBASIAuthenticationDialog.h; sourceTree = "<group>"; };
		750FA0061547C4E3005CB3FE /* PBASIInputStream.h */ = {isa = PBXFileReference; fileEncoding = 4; lastKnownFileType = sourcecode.c.h; path = PBASIInputStream.h; sourceTree = "<group>"; };
		750FA0081547C57E005CB3FE /* PBCDataScanner.h */ = {isa = PBXFileReference; fileEncoding = 4; lastKnownFileType = sourcecode.c.h; path = PBCDataScanner.h; sourceTree = "<group>"; };
		750FA00A1547C69E005CB3FE /* PBCJSONScanner.h */ = {isa = PBXFileReference; fileEncoding = 4; lastKnownFileType = sourcecode.c.h; path = PBCJSONScanner.h; sourceTree = "<group>"; };
		750FA00B1547C69F005CB3FE /* PBCJSONScanner.m */ = {isa = PBXFileReference; fileEncoding = 4; lastKnownFileType = sourcecode.c.objc; path = PBCJSONScanner.m; sourceTree = "<group>"; };
		B93008B015400652008EAF1E /* libTomatoSDK.a */ = {isa = PBXFileReference; explicitFileType = archive.ar; includeInIndex = 0; path = libTomatoSDK.a; sourceTree = BUILT_PRODUCTS_DIR; };
		B93008B315400652008EAF1E /* Foundation.framework */ = {isa = PBXFileReference; lastKnownFileType = wrapper.framework; name = Foundation.framework; path = System/Library/Frameworks/Foundation.framework; sourceTree = SDKROOT; };
		B93008B715400652008EAF1E /* TomatoSDK-Prefix.pch */ = {isa = PBXFileReference; lastKnownFileType = sourcecode.c.h; path = "TomatoSDK-Prefix.pch"; sourceTree = "<group>"; };
		B93008B815400652008EAF1E /* TomatoSDK.h */ = {isa = PBXFileReference; lastKnownFileType = sourcecode.c.h; path = TomatoSDK.h; sourceTree = "<group>"; };
		B93008B915400652008EAF1E /* TomatoSDK.m */ = {isa = PBXFileReference; lastKnownFileType = sourcecode.c.objc; path = TomatoSDK.m; sourceTree = "<group>"; };
		B930096315400794008EAF1E /* PBASIAuthenticationDialog.m */ = {isa = PBXFileReference; fileEncoding = 4; lastKnownFileType = sourcecode.c.objc; path = PBASIAuthenticationDialog.m; sourceTree = "<group>"; };
		B930096415400794008EAF1E /* PBASICacheDelegate.h */ = {isa = PBXFileReference; fileEncoding = 4; lastKnownFileType = sourcecode.c.h; path = PBASICacheDelegate.h; sourceTree = "<group>"; };
		B930096515400794008EAF1E /* PBASIDataCompressor.h */ = {isa = PBXFileReference; fileEncoding = 4; lastKnownFileType = sourcecode.c.h; path = PBASIDataCompressor.h; sourceTree = "<group>"; };
		B930096615400794008EAF1E /* PBASIDataCompressor.m */ = {isa = PBXFileReference; fileEncoding = 4; lastKnownFileType = sourcecode.c.objc; path = PBASIDataCompressor.m; sourceTree = "<group>"; };
		B930096715400794008EAF1E /* PBASIDataDecompressor.h */ = {isa = PBXFileReference; fileEncoding = 4; lastKnownFileType = sourcecode.c.h; path = PBASIDataDecompressor.h; sourceTree = "<group>"; };
		B930096815400794008EAF1E /* PBASIDataDecompressor.m */ = {isa = PBXFileReference; fileEncoding = 4; lastKnownFileType = sourcecode.c.objc; path = PBASIDataDecompressor.m; sourceTree = "<group>"; };
		B930096915400794008EAF1E /* PBASIDownloadCache.h */ = {isa = PBXFileReference; fileEncoding = 4; lastKnownFileType = sourcecode.c.h; path = PBASIDownloadCache.h; sourceTree = "<group>"; };
		B930096A15400794008EAF1E /* PBASIDownloadCache.m */ = {isa = PBXFileReference; fileEncoding = 4; lastKnownFileType = sourcecode.c.objc; path = PBASIDownloadCache.m; sourceTree = "<group>"; };
		B930096B15400794008EAF1E /* PBASIFormDataRequest.h */ = {isa = PBXFileReference; fileEncoding = 4; lastKnownFileType = sourcecode.c.h; path = PBASIFormDataRequest.h; sourceTree = "<group>"; };
		B930096C15400794008EAF1E /* PBASIFormDataRequest.m */ = {isa = PBXFileReference; fileEncoding = 4; lastKnownFileType = sourcecode.c.objc; path = PBASIFormDataRequest.m; sourceTree = "<group>"; };
		B930096D15400794008EAF1E /* PBASIHTTPRequest.h */ = {isa = PBXFileReference; fileEncoding = 4; lastKnownFileType = sourcecode.c.h; path = PBASIHTTPRequest.h; sourceTree = "<group>"; };
		B930096E15400794008EAF1E /* PBASIHTTPRequest.m */ = {isa = PBXFileReference; fileEncoding = 4; lastKnownFileType = sourcecode.c.objc; path = PBASIHTTPRequest.m; sourceTree = "<group>"; };
		B930096F15400794008EAF1E /* PBASIHTTPRequestConfig.h */ = {isa = PBXFileReference; fileEncoding = 4; lastKnownFileType = sourcecode.c.h; path = PBASIHTTPRequestConfig.h; sourceTree = "<group>"; };
		B930097015400794008EAF1E /* PBASIHTTPRequestDelegate.h */ = {isa = PBXFileReference; fileEncoding = 4; lastKnownFileType = sourcecode.c.h; path = PBASIHTTPRequestDelegate.h; sourceTree = "<group>"; };
		B930097215400794008EAF1E /* PBASIInputStream.m */ = {isa = PBXFileReference; fileEncoding = 4; lastKnownFileType = sourcecode.c.objc; path = PBASIInputStream.m; sourceTree = "<group>"; };
		B930097315400794008EAF1E /* PBASINetworkQueue.h */ = {isa = PBXFileReference; fileEncoding = 4; lastKnownFileType = sourcecode.c.h; path = PBASINetworkQueue.h; sourceTree = "<group>"; };
		B930097415400794008EAF1E /* PBASINetworkQueue.m */ = {isa = PBXFileReference; fileEncoding = 4; lastKnownFileType = sourcecode.c.objc; path = PBASINetworkQueue.m; sourceTree = "<group>"; };
		B930097515400794008EAF1E /* PBASIProgressDelegate.h */ = {isa = PBXFileReference; fileEncoding = 4; lastKnownFileType = sourcecode.c.h; path = PBASIProgressDelegate.h; sourceTree = "<group>"; };
		B930097715400794008EAF1E /* PBReachability.h */ = {isa = PBXFileReference; fileEncoding = 4; lastKnownFileType = sourcecode.c.h; path = PBReachability.h; sourceTree = "<group>"; };
		B930097815400794008EAF1E /* PBReachability.m */ = {isa = PBXFileReference; fileEncoding = 4; lastKnownFileType = sourcecode.c.objc; path = PBReachability.m; sourceTree = "<group>"; };
		B930097B15400794008EAF1E /* PBCDataScanner.m */ = {isa = PBXFileReference; fileEncoding = 4; lastKnownFileType = sourcecode.c.objc; path = PBCDataScanner.m; sourceTree = "<group>"; };
		B930097D15400794008EAF1E /* PBCDataScanner_Extensions.h */ = {isa = PBXFileReference; fileEncoding = 4; lastKnownFileType = sourcecode.c.h; path = PBCDataScanner_Extensions.h; sourceTree = "<group>"; };
		B930097E15400794008EAF1E /* PBCDataScanner_Extensions.m */ = {isa = PBXFileReference; fileEncoding = 4; lastKnownFileType = sourcecode.c.objc; path = PBCDataScanner_Extensions.m; sourceTree = "<group>"; };
		B930097F15400794008EAF1E /* PBNSCharacterSet_Extensions.h */ = {isa = PBXFileReference; fileEncoding = 4; lastKnownFileType = sourcecode.c.h; path = PBNSCharacterSet_Extensions.h; sourceTree = "<group>"; };
		B930098015400794008EAF1E /* PBNSCharacterSet_Extensions.m */ = {isa = PBXFileReference; fileEncoding = 4; lastKnownFileType = sourcecode.c.objc; path = PBNSCharacterSet_Extensions.m; sourceTree = "<group>"; };
		B930098115400794008EAF1E /* PBNSDictionary_JSONExtensions.h */ = {isa = PBXFileReference; fileEncoding = 4; lastKnownFileType = sourcecode.c.h; path = PBNSDictionary_JSONExtensions.h; sourceTree = "<group>"; };
		B930098215400794008EAF1E /* PBNSDictionary_JSONExtensions.m */ = {isa = PBXFileReference; fileEncoding = 4; lastKnownFileType = sourcecode.c.objc; path = PBNSDictionary_JSONExtensions.m; sourceTree = "<group>"; };
		B930098315400794008EAF1E /* PBNSScanner_Extensions.h */ = {isa = PBXFileReference; fileEncoding = 4; lastKnownFileType = sourcecode.c.h; path = PBNSScanner_Extensions.h; sourceTree = "<group>"; };
		B930098415400794008EAF1E /* PBNSScanner_Extensions.m */ = {isa = PBXFileReference; fileEncoding = 4; lastKnownFileType = sourcecode.c.objc; path = PBNSScanner_Extensions.m; sourceTree = "<group>"; };
		B930098615400794008EAF1E /* PBCJSONDeserializer.h */ = {isa = PBXFileReference; fileEncoding = 4; lastKnownFileType = sourcecode.c.h; path = PBCJSONDeserializer.h; sourceTree = "<group>"; };
		B930098715400794008EAF1E /* PBCJSONDeserializer.m */ = {isa = PBXFileReference; fileEncoding = 4; lastKnownFileType = sourcecode.c.objc; path = PBCJSONDeserializer.m; sourceTree = "<group>"; };
		B930098A15400794008EAF1E /* PBCJSONSerializer.h */ = {isa = PBXFileReference; fileEncoding = 4; lastKnownFileType = sourcecode.c.h; path = PBCJSONSerializer.h; sourceTree = "<group>"; };
		B930098B15400794008EAF1E /* PBCJSONSerializer.m */ = {isa = PBXFileReference; fileEncoding = 4; lastKnownFileType = sourcecode.c.objc; path = PBCJSONSerializer.m; sourceTree = "<group>"; };
		B930098C15400794008EAF1E /* PBJSONRepresentation.h */ = {isa = PBXFileReference; fileEncoding = 4; lastKnownFileType = sourcecode.c.h; path = PBJSONRepresentation.h; sourceTree = "<group>"; };
		B9300A56154136C5008EAF1E /* UIKit.framework */ = {isa = PBXFileReference; lastKnownFileType = wrapper.framework; name = UIKit.framework; path = System/Library/Frameworks/UIKit.framework; sourceTree = SDKROOT; };
		B9300A59154136CF008EAF1E /* CoreLocation.framework */ = {isa = PBXFileReference; lastKnownFileType = wrapper.framework; name = CoreLocation.framework; path = System/Library/Frameworks/CoreLocation.framework; sourceTree = SDKROOT; };
		B9300A6D1541555D008EAF1E /* MediaPlayer.framework */ = {isa = PBXFileReference; lastKnownFileType = wrapper.framework; name = MediaPlayer.framework; path = System/Library/Frameworks/MediaPlayer.framework; sourceTree = SDKROOT; };
/* End PBXFileReference section */

/* Begin PBXFrameworksBuildPhase section */
		B93008AD15400652008EAF1E /* Frameworks */ = {
			isa = PBXFrameworksBuildPhase;
			buildActionMask = 2147483647;
			files = (
				B9300A6E1541555D008EAF1E /* MediaPlayer.framework in Frameworks */,
				B9300A5A154136CF008EAF1E /* CoreLocation.framework in Frameworks */,
				B9300A57154136C6008EAF1E /* UIKit.framework in Frameworks */,
				B93008B415400652008EAF1E /* Foundation.framework in Frameworks */,
			);
			runOnlyForDeploymentPostprocessing = 0;
		};
/* End PBXFrameworksBuildPhase section */

/* Begin PBXGroup section */
		B93008A515400651008EAF1E = {
			isa = PBXGroup;
			children = (
				B93008B515400652008EAF1E /* TomatoSDK */,
				B93008B215400652008EAF1E /* Frameworks */,
				B93008B115400652008EAF1E /* Products */,
			);
			sourceTree = "<group>";
		};
		B93008B115400652008EAF1E /* Products */ = {
			isa = PBXGroup;
			children = (
				B93008B015400652008EAF1E /* libTomatoSDK.a */,
			);
			name = Products;
			sourceTree = "<group>";
		};
		B93008B215400652008EAF1E /* Frameworks */ = {
			isa = PBXGroup;
			children = (
				B9300A6D1541555D008EAF1E /* MediaPlayer.framework */,
				B9300A59154136CF008EAF1E /* CoreLocation.framework */,
				B9300A56154136C5008EAF1E /* UIKit.framework */,
				B93008B315400652008EAF1E /* Foundation.framework */,
			);
			name = Frameworks;
			sourceTree = "<group>";
		};
		B93008B515400652008EAF1E /* TomatoSDK */ = {
			isa = PBXGroup;
			children = (
				B93008B815400652008EAF1E /* TomatoSDK.h */,
				B93008B915400652008EAF1E /* TomatoSDK.m */,
				B930096115400794008EAF1E /* PBASIHttp */,
				B930097615400794008EAF1E /* PBReachability */,
				B930097915400794008EAF1E /* PBTouchJSON */,
				B93008B615400652008EAF1E /* Supporting Files */,
			);
			path = TomatoSDK;
			sourceTree = "<group>";
		};
		B93008B615400652008EAF1E /* Supporting Files */ = {
			isa = PBXGroup;
			children = (
				B93008B715400652008EAF1E /* TomatoSDK-Prefix.pch */,
			);
			name = "Supporting Files";
			sourceTree = "<group>";
		};
		B930096115400794008EAF1E /* PBASIHttp */ = {
			isa = PBXGroup;
			children = (
				750FA0041547C322005CB3FE /* PBASIAuthenticationDialog.h */,
				B930096315400794008EAF1E /* PBASIAuthenticationDialog.m */,
				B930096415400794008EAF1E /* PBASICacheDelegate.h */,
				B930096515400794008EAF1E /* PBASIDataCompressor.h */,
				B930096615400794008EAF1E /* PBASIDataCompressor.m */,
				B930096715400794008EAF1E /* PBASIDataDecompressor.h */,
				B930096815400794008EAF1E /* PBASIDataDecompressor.m */,
				B930096915400794008EAF1E /* PBASIDownloadCache.h */,
				B930096A15400794008EAF1E /* PBASIDownloadCache.m */,
				B930096B15400794008EAF1E /* PBASIFormDataRequest.h */,
				B930096C15400794008EAF1E /* PBASIFormDataRequest.m */,
				B930096D15400794008EAF1E /* PBASIHTTPRequest.h */,
				B930096E15400794008EAF1E /* PBASIHTTPRequest.m */,
				B930096F15400794008EAF1E /* PBASIHTTPRequestConfig.h */,
				B930097015400794008EAF1E /* PBASIHTTPRequestDelegate.h */,
				750FA0061547C4E3005CB3FE /* PBASIInputStream.h */,
				B930097215400794008EAF1E /* PBASIInputStream.m */,
				B930097315400794008EAF1E /* PBASINetworkQueue.h */,
				B930097415400794008EAF1E /* PBASINetworkQueue.m */,
				B930097515400794008EAF1E /* PBASIProgressDelegate.h */,
			);
			name = PBASIHttp;
			path = ASIHttp;
			sourceTree = "<group>";
		};
		B930097615400794008EAF1E /* PBReachability */ = {
			isa = PBXGroup;
			children = (
				B930097715400794008EAF1E /* PBReachability.h */,
				B930097815400794008EAF1E /* PBReachability.m */,
			);
			name = PBReachability;
			path = Reachability;
			sourceTree = "<group>";
		};
		B930097915400794008EAF1E /* PBTouchJSON */ = {
			isa = PBXGroup;
			children = (
				750FA0081547C57E005CB3FE /* PBCDataScanner.h */,
				B930097B15400794008EAF1E /* PBCDataScanner.m */,
				B930097C15400794008EAF1E /* Extensions */,
				B930098515400794008EAF1E /* JSON */,
			);
			name = PBTouchJSON;
			path = TouchJSON;
			sourceTree = "<group>";
		};
		B930097C15400794008EAF1E /* Extensions */ = {
			isa = PBXGroup;
			children = (
				B930097D15400794008EAF1E /* PBCDataScanner_Extensions.h */,
				B930097E15400794008EAF1E /* PBCDataScanner_Extensions.m */,
				B930097F15400794008EAF1E /* PBNSCharacterSet_Extensions.h */,
				B930098015400794008EAF1E /* PBNSCharacterSet_Extensions.m */,
				B930098115400794008EAF1E /* PBNSDictionary_JSONExtensions.h */,
				B930098215400794008EAF1E /* PBNSDictionary_JSONExtensions.m */,
				B930098315400794008EAF1E /* PBNSScanner_Extensions.h */,
				B930098415400794008EAF1E /* PBNSScanner_Extensions.m */,
			);
			path = Extensions;
			sourceTree = "<group>";
		};
		B930098515400794008EAF1E /* JSON */ = {
			isa = PBXGroup;
			children = (
				B930098615400794008EAF1E /* PBCJSONDeserializer.h */,
				B930098715400794008EAF1E /* PBCJSONDeserializer.m */,
				750FA00A1547C69E005CB3FE /* PBCJSONScanner.h */,
				750FA00B1547C69F005CB3FE /* PBCJSONScanner.m */,
				B930098A15400794008EAF1E /* PBCJSONSerializer.h */,
				B930098B15400794008EAF1E /* PBCJSONSerializer.m */,
				B930098C15400794008EAF1E /* PBJSONRepresentation.h */,
			);
			path = JSON;
			sourceTree = "<group>";
		};
/* End PBXGroup section */

/* Begin PBXHeadersBuildPhase section */
		B93008AE15400652008EAF1E /* Headers */ = {
			isa = PBXHeadersBuildPhase;
			buildActionMask = 2147483647;
			files = (
				B930098F15400794008EAF1E /* PBASICacheDelegate.h in Headers */,
				B930099015400794008EAF1E /* PBASIDataCompressor.h in Headers */,
				B930099215400794008EAF1E /* PBASIDataDecompressor.h in Headers */,
				B930099415400794008EAF1E /* PBASIDownloadCache.h in Headers */,
				B930099615400794008EAF1E /* PBASIFormDataRequest.h in Headers */,
				B930099815400794008EAF1E /* PBASIHTTPRequest.h in Headers */,
				B930099A15400794008EAF1E /* PBASIHTTPRequestConfig.h in Headers */,
				B930099B15400794008EAF1E /* PBASIHTTPRequestDelegate.h in Headers */,
				B930099E15400794008EAF1E /* PBASINetworkQueue.h in Headers */,
				B93009A015400794008EAF1E /* PBASIProgressDelegate.h in Headers */,
				B93009A115400794008EAF1E /* PBReachability.h in Headers */,
				B93009A515400794008EAF1E /* PBCDataScanner_Extensions.h in Headers */,
				B93009A715400794008EAF1E /* PBNSCharacterSet_Extensions.h in Headers */,
				B93009A915400794008EAF1E /* PBNSDictionary_JSONExtensions.h in Headers */,
				B93009AB15400794008EAF1E /* PBNSScanner_Extensions.h in Headers */,
				B93009AD15400794008EAF1E /* PBCJSONDeserializer.h in Headers */,
				B93009B115400794008EAF1E /* PBCJSONSerializer.h in Headers */,
				B93009B315400794008EAF1E /* PBJSONRepresentation.h in Headers */,
				750FA0051547C323005CB3FE /* PBASIAuthenticationDialog.h in Headers */,
				750FA0071547C4E4005CB3FE /* PBASIInputStream.h in Headers */,
				750FA0091547C57E005CB3FE /* PBCDataScanner.h in Headers */,
				750FA00C1547C69F005CB3FE /* PBCJSONScanner.h in Headers */,
			);
			runOnlyForDeploymentPostprocessing = 0;
		};
/* End PBXHeadersBuildPhase section */

/* Begin PBXNativeTarget section */
		B93008AF15400652008EAF1E /* TomatoSDK */ = {
			isa = PBXNativeTarget;
			buildConfigurationList = B93008BD15400652008EAF1E /* Build configuration list for PBXNativeTarget "TomatoSDK" */;
			buildPhases = (
				B93008AC15400652008EAF1E /* Sources */,
				B93008AD15400652008EAF1E /* Frameworks */,
				B93008AE15400652008EAF1E /* Headers */,
				B93009BF1540081D008EAF1E /* ShellScript */,
			);
			buildRules = (
			);
			dependencies = (
			);
			name = TomatoSDK;
			productName = TomatoSDK;
			productReference = B93008B015400652008EAF1E /* libTomatoSDK.a */;
			productType = "com.apple.product-type.library.static";
		};
/* End PBXNativeTarget section */

/* Begin PBXProject section */
		B93008A715400651008EAF1E /* Project object */ = {
			isa = PBXProject;
			attributes = {
				LastUpgradeCheck = 0430;
				ORGANIZATIONNAME = CocoaChina;
			};
			buildConfigurationList = B93008AA15400651008EAF1E /* Build configuration list for PBXProject "TomatoSDK" */;
			compatibilityVersion = "Xcode 3.2";
			developmentRegion = English;
			hasScannedForEncodings = 0;
			knownRegions = (
				en,
			);
			mainGroup = B93008A515400651008EAF1E;
			productRefGroup = B93008B115400652008EAF1E /* Products */;
			projectDirPath = "";
			projectRoot = "";
			targets = (
				B93008AF15400652008EAF1E /* TomatoSDK */,
			);
		};
/* End PBXProject section */

/* Begin PBXShellScriptBuildPhase section */
		B93009BF1540081D008EAF1E /* ShellScript */ = {
			isa = PBXShellScriptBuildPhase;
			buildActionMask = 2147483647;
			files = (
			);
			inputPaths = (
			);
			outputPaths = (
			);
			runOnlyForDeploymentPostprocessing = 0;
			shellPath = /bin/sh;
			shellScript = "echo \"copy TomatoSDK.h\"\nrm -rf ../TestADSDK/TestADSDK/libTomatoSDK.h\ncp -R ../TomatoSDK/TomatoSDK/TomatoSDK.h ../TestADSDK/TestADSDK/TomatoSDK.h\necho \"copy TomatoSDK.a\"\nrm -rf ../TestADSDK/TestADSDK/libTomatoSDK.a\ncp -R ${TARGET_BUILD_DIR}/libTomatoSDK.a ../TestADSDK/TestADSDK/libTomatoSDK.a";
		};
/* End PBXShellScriptBuildPhase section */

/* Begin PBXSourcesBuildPhase section */
		B93008AC15400652008EAF1E /* Sources */ = {
			isa = PBXSourcesBuildPhase;
			buildActionMask = 2147483647;
			files = (
				B93008BA15400652008EAF1E /* TomatoSDK.m in Sources */,
				B930098E15400794008EAF1E /* PBASIAuthenticationDialog.m in Sources */,
				B930099115400794008EAF1E /* PBASIDataCompressor.m in Sources */,
				B930099315400794008EAF1E /* PBASIDataDecompressor.m in Sources */,
				B930099515400794008EAF1E /* PBASIDownloadCache.m in Sources */,
				B930099715400794008EAF1E /* PBASIFormDataRequest.m in Sources */,
				B930099915400794008EAF1E /* PBASIHTTPRequest.m in Sources */,
				B930099D15400794008EAF1E /* PBASIInputStream.m in Sources */,
				B930099F15400794008EAF1E /* PBASINetworkQueue.m in Sources */,
				B93009A215400794008EAF1E /* PBReachability.m in Sources */,
				B93009A415400794008EAF1E /* PBCDataScanner.m in Sources */,
				B93009A615400794008EAF1E /* PBCDataScanner_Extensions.m in Sources */,
				B93009A815400794008EAF1E /* PBNSCharacterSet_Extensions.m in Sources */,
				B93009AA15400794008EAF1E /* PBNSDictionary_JSONExtensions.m in Sources */,
				B93009AC15400794008EAF1E /* PBNSScanner_Extensions.m in Sources */,
				B93009AE15400794008EAF1E /* PBCJSONDeserializer.m in Sources */,
				B93009B215400794008EAF1E /* PBCJSONSerializer.m in Sources */,
				750FA00D1547C69F005CB3FE /* PBCJSONScanner.m in Sources */,
			);
			runOnlyForDeploymentPostprocessing = 0;
		};
/* End PBXSourcesBuildPhase section */

/* Begin XCBuildConfiguration section */
		B93008BB15400652008EAF1E /* Debug */ = {
			isa = XCBuildConfiguration;
			buildSettings = {
				ALWAYS_SEARCH_USER_PATHS = NO;
				ARCHS = "$(ARCHS_STANDARD_32_BIT)";
				COPY_PHASE_STRIP = NO;
				GCC_C_LANGUAGE_STANDARD = gnu99;
				GCC_DYNAMIC_NO_PIC = NO;
				GCC_OPTIMIZATION_LEVEL = 0;
				GCC_PREPROCESSOR_DEFINITIONS = (
					"DEBUG=1",
					"$(inherited)",
				);
				GCC_SYMBOLS_PRIVATE_EXTERN = NO;
				GCC_VERSION = com.apple.compilers.llvm.clang.1_0;
				GCC_WARN_ABOUT_RETURN_TYPE = YES;
				GCC_WARN_UNINITIALIZED_AUTOS = YES;
				GCC_WARN_UNUSED_VARIABLE = YES;
				IPHONEOS_DEPLOYMENT_TARGET = 5.1;
				SDKROOT = iphoneos;
			};
			name = Debug;
		};
		B93008BC15400652008EAF1E /* Release */ = {
			isa = XCBuildConfiguration;
			buildSettings = {
				ALWAYS_SEARCH_USER_PATHS = NO;
				ARCHS = "$(ARCHS_STANDARD_32_BIT)";
				COPY_PHASE_STRIP = YES;
				GCC_C_LANGUAGE_STANDARD = gnu99;
				GCC_VERSION = com.apple.compilers.llvm.clang.1_0;
				GCC_WARN_ABOUT_RETURN_TYPE = YES;
				GCC_WARN_UNINITIALIZED_AUTOS = YES;
				GCC_WARN_UNUSED_VARIABLE = YES;
				IPHONEOS_DEPLOYMENT_TARGET = 5.1;
				SDKROOT = iphoneos;
				VALIDATE_PRODUCT = YES;
			};
			name = Release;
		};
		B93008BE15400652008EAF1E /* Debug */ = {
			isa = XCBuildConfiguration;
			buildSettings = {
				DSTROOT = /tmp/TomatoSDK.dst;
				GCC_PRECOMPILE_PREFIX_HEADER = YES;
				GCC_PREFIX_HEADER = "TomatoSDK/TomatoSDK-Prefix.pch";
				OTHER_LDFLAGS = "-ObjC";
				PRODUCT_NAME = "$(TARGET_NAME)";
				SKIP_INSTALL = YES;
			};
			name = Debug;
		};
		B93008BF15400652008EAF1E /* Release */ = {
			isa = XCBuildConfiguration;
			buildSettings = {
				DSTROOT = /tmp/TomatoSDK.dst;
				GCC_PRECOMPILE_PREFIX_HEADER = YES;
				GCC_PREFIX_HEADER = "TomatoSDK/TomatoSDK-Prefix.pch";
				OTHER_LDFLAGS = "-ObjC";
				PRODUCT_NAME = "$(TARGET_NAME)";
				SKIP_INSTALL = YES;
			};
			name = Release;
		};
/* End XCBuildConfiguration section */

/* Begin XCConfigurationList section */
		B93008AA15400651008EAF1E /* Build configuration list for PBXProject "TomatoSDK" */ = {
			isa = XCConfigurationList;
			buildConfigurations = (
				B93008BB15400652008EAF1E /* Debug */,
				B93008BC15400652008EAF1E /* Release */,
			);
			defaultConfigurationIsVisible = 0;
			defaultConfigurationName = Release;
		};
		B93008BD15400652008EAF1E /* Build configuration list for PBXNativeTarget "TomatoSDK" */ = {
			isa = XCConfigurationList;
			buildConfigurations = (
				B93008BE15400652008EAF1E /* Debug */,
				B93008BF15400652008EAF1E /* Release */,
			);
			defaultConfigurationIsVisible = 0;
			defaultConfigurationName = Release;
		};
/* End XCConfigurationList section */
	};
	rootObject = B93008A715400651008EAF1E /* Project object */;
}
